
Microsoft Visual Studio Solution File, Format Version 12.00
Project("{FAE04EC0-301F-11D3-BF4B-00C04F79EFBC}") = "TP11", "TP11\TP11.csproj", "{EDD3AEB1-6CCB-4012-BA0D-2BE1FE555FD0}"
EndProject
Project("{FAE04EC0-301F-11D3-BF4B-00C04F79EFBC}") = "TP12", "TP12\TP12.csproj", "{9C1743FF-B65C-497E-8A8A-2C8351C94CEB}"
EndProject
Project("{FAE04EC0-301F-11D3-BF4B-00C04F79EFBC}") = "TP21", "TP21\TP21.csproj", "{E4AB947F-1F7F-4059-9B91-CA4E38EB6B27}"
EndProject
Project("{FAE04EC0-301F-11D3-BF4B-00C04F79EFBC}") = "TP22", "TP22\TP22.csproj", "{129539C8-CCFB-41A8-B520-27804EFD59AF}"
EndProject
Global
	GlobalSection(SolutionConfigurationPlatforms) = preSolution
		Debug|Any CPU = Debug|Any CPU
		Release|Any CPU = Release|Any CPU
	EndGlobalSection
	GlobalSection(ProjectConfigurationPlatforms) = postSolution
		{EDD3AEB1-6CCB-4012-BA0D-2BE1FE555FD0}.Debug|Any CPU.ActiveCfg = Debug|Any CPU
		{EDD3AEB1-6CCB-4012-BA0D-2BE1FE555FD0}.Debug|Any CPU.Build.0 = Debug|Any CPU
		{EDD3AEB1-6CCB-4012-BA0D-2BE1FE555FD0}.Release|Any CPU.ActiveCfg = Release|Any CPU
		{EDD3AEB1-6CCB-4012-BA0D-2BE1FE555FD0}.Release|Any CPU.Build.0 = Release|Any CPU
		{9C1743FF-B65C-497E-8A8A-2C8351C94CEB}.Debug|Any CPU.ActiveCfg = Debug|Any CPU
		{9C1743FF-B65C-497E-8A8A-2C8351C94CEB}.Debug|Any CPU.Build.0 = Debug|Any CPU
		{9C1743FF-B65C-497E-8A8A-2C8351C94CEB}.Release|Any CPU.ActiveCfg = Release|Any CPU
		{9C1743FF-B65C-497E-8A8A-2C8351C94CEB}.Release|Any CPU.Build.0 = Release|Any CPU
		{E4AB947F-1F7F-4059-9B91-CA4E38EB6B27}.Debug|Any CPU.ActiveCfg = Debug|Any CPU
		{E4AB947F-1F7F-4059-9B91-CA4E38EB6B27}.Debug|Any CPU.Build.0 = Debug|Any CPU
		{E4AB947F-1F7F-4059-9B91-CA4E38EB6B27}.Release|Any CPU.ActiveCfg = Release|Any CPU
		{E4AB947F-1F7F-4059-9B91-CA4E38EB6B27}.Release|Any CPU.Build.0 = Release|Any CPU
		{129539C8-CCFB-41A8-B520-27804EFD59AF}.Debug|Any CPU.ActiveCfg = Debug|Any CPU
		{129539C8-CCFB-41A8-B520-27804EFD59AF}.Debug|Any CPU.Build.0 = Debug|Any CPU
		{129539C8-CCFB-41A8-B520-27804EFD59AF}.Release|Any CPU.ActiveCfg = Release|Any CPU
		{129539C8-CCFB-41A8-B520-27804EFD59AF}.Release|Any CPU.Build.0 = Release|Any CPU
	EndGlobalSection
EndGlobal
